
Microsoft Visual Studio Solution File, Format Version 12.00
# Visual Studio Version 17
VisualStudioVersion = 17.14.36518.9 d17.14
MinimumVisualStudioVersion = 10.0.40219.1
Project("{FAE04EC0-301F-11D3-BF4B-00C04F79EFBC}") = "InClass-4", "InClass-4.csproj", "{FC12442E-47E7-4E54-A40A-6B291F1DEC83}"
EndProject
Global
	GlobalSection(SolutionConfigurationPlatforms) = preSolution
		Debug|Any CPU = Debug|Any CPU
		Release|Any CPU = Release|Any CPU
	EndGlobalSection
	GlobalSection(ProjectConfigurationPlatforms) = postSolution
		{FC12442E-47E7-4E54-A40A-6B291F1DEC83}.Debug|Any CPU.ActiveCfg = Debug|Any CPU
		{FC12442E-47E7-4E54-A40A-6B291F1DEC83}.Debug|Any CPU.Build.0 = Debug|Any CPU
		{FC12442E-47E7-4E54-A40A-6B291F1DEC83}.Release|Any CPU.ActiveCfg = Release|Any CPU
		{FC12442E-47E7-4E54-A40A-6B291F1DEC83}.Release|Any CPU.Build.0 = Release|Any CPU
	EndGlobalSection
	GlobalSection(SolutionProperties) = preSolution
		HideSolutionNode = FALSE
	EndGlobalSection
	GlobalSection(ExtensibilityGlobals) = postSolution
		SolutionGuid = {F44F179E-6771-4B23-A947-3F71E29072C5}
	EndGlobalSection
EndGlobal
