
Microsoft Visual Studio Solution File, Format Version 12.00
# Visual Studio Version 17
VisualStudioVersion = 17.14.36518.9 d17.14
MinimumVisualStudioVersion = 10.0.40219.1
Project("{FAE04EC0-301F-11D3-BF4B-00C04F79EFBC}") = "INclass5", "INclass5.csproj", "{6AC56810-903B-4C38-BEF7-23066BF55ADD}"
EndProject
Global
	GlobalSection(SolutionConfigurationPlatforms) = preSolution
		Debug|Any CPU = Debug|Any CPU
		Release|Any CPU = Release|Any CPU
	EndGlobalSection
	GlobalSection(ProjectConfigurationPlatforms) = postSolution
		{6AC56810-903B-4C38-BEF7-23066BF55ADD}.Debug|Any CPU.ActiveCfg = Debug|Any CPU
		{6AC56810-903B-4C38-BEF7-23066BF55ADD}.Debug|Any CPU.Build.0 = Debug|Any CPU
		{6AC56810-903B-4C38-BEF7-23066BF55ADD}.Release|Any CPU.ActiveCfg = Release|Any CPU
		{6AC56810-903B-4C38-BEF7-23066BF55ADD}.Release|Any CPU.Build.0 = Release|Any CPU
	EndGlobalSection
	GlobalSection(SolutionProperties) = preSolution
		HideSolutionNode = FALSE
	EndGlobalSection
	GlobalSection(ExtensibilityGlobals) = postSolution
		SolutionGuid = {69401E1D-8D52-4A87-9F61-C2493F0C7BF1}
	EndGlobalSection
EndGlobal
